// !$*UTF8*$!
{
	archiveVersion = 1;
	classes = {
	};
	objectVersion = 51;
	objects = {

/* Begin PBXBuildFile section */
		C6CC4E82DAC758DB42CE2DE5 /* Pods_MobiquityTaskTests.framework in Frameworks */ = {isa = PBXBuildFile; fileRef = 6838CE167D438A30DA698ED8 /* Pods_MobiquityTaskTests.framework */; };
		ED6EE80C236C406900CB084B /* Error+code.swift in Sources */ = {isa = PBXBuildFile; fileRef = ED6EE80B236C406900CB084B /* Error+code.swift */; };
		ED6EE80D236C40C300CB084B /* CoreDataManager.swift in Sources */ = {isa = PBXBuildFile; fileRef = ED6EE809236C3FF100CB084B /* CoreDataManager.swift */; };
		ED6EE817236C64F200CB084B /* SearchHistoryServicing.swift in Sources */ = {isa = PBXBuildFile; fileRef = ED6EE816236C64F200CB084B /* SearchHistoryServicing.swift */; };
		ED6EE819236C650000CB084B /* SearchTextCoreDataService.swift in Sources */ = {isa = PBXBuildFile; fileRef = ED6EE818236C650000CB084B /* SearchTextCoreDataService.swift */; };
		ED6EE820236C679B00CB084B /* SearchTerm.swift in Sources */ = {isa = PBXBuildFile; fileRef = ED6EE81F236C679B00CB084B /* SearchTerm.swift */; };
		ED6EE825236C7FE800CB084B /* SearchTermTableViewCell.swift in Sources */ = {isa = PBXBuildFile; fileRef = ED6EE823236C7FE800CB084B /* SearchTermTableViewCell.swift */; };
		ED6EE826236C7FE800CB084B /* SearchTermTableViewCell.xib in Resources */ = {isa = PBXBuildFile; fileRef = ED6EE824236C7FE800CB084B /* SearchTermTableViewCell.xib */; };
		ED6EE827236C849100CB084B /* MobiquityTask.xcdatamodeld in Sources */ = {isa = PBXBuildFile; fileRef = EDA1E0A5236A612F00B81C68 /* MobiquityTask.xcdatamodeld */; };
		EDA1E09D236A612F00B81C68 /* AppDelegate.swift in Sources */ = {isa = PBXBuildFile; fileRef = EDA1E09C236A612F00B81C68 /* AppDelegate.swift */; };
		EDA1E0A4236A612F00B81C68 /* Main.storyboard in Resources */ = {isa = PBXBuildFile; fileRef = EDA1E0A2236A612F00B81C68 /* Main.storyboard */; };
		EDA1E0A9236A613100B81C68 /* Assets.xcassets in Resources */ = {isa = PBXBuildFile; fileRef = EDA1E0A8236A613100B81C68 /* Assets.xcassets */; };
		EDA1E0AC236A613100B81C68 /* LaunchScreen.storyboard in Resources */ = {isa = PBXBuildFile; fileRef = EDA1E0AA236A613100B81C68 /* LaunchScreen.storyboard */; };
		EDA1E0B7236A613100B81C68 /* MobiquityTaskTests.swift in Sources */ = {isa = PBXBuildFile; fileRef = EDA1E0B6236A613100B81C68 /* MobiquityTaskTests.swift */; };
		EDA1E0CC236AD4E900B81C68 /* Animation+Fade.swift in Sources */ = {isa = PBXBuildFile; fileRef = EDA1E0CB236AD4E900B81C68 /* Animation+Fade.swift */; };
		EDA1E0CE236AD50800B81C68 /* Transition+presentFullScreen.swift in Sources */ = {isa = PBXBuildFile; fileRef = EDA1E0CD236AD50800B81C68 /* Transition+presentFullScreen.swift */; };
		EDA1E0D0236AD51500B81C68 /* AppStartUpRoute.swift in Sources */ = {isa = PBXBuildFile; fileRef = EDA1E0CF236AD51500B81C68 /* AppStartUpRoute.swift */; };
		EDA1E0D2236AD55100B81C68 /* AppStartUpCoordinator.swift in Sources */ = {isa = PBXBuildFile; fileRef = EDA1E0D1236AD55100B81C68 /* AppStartUpCoordinator.swift */; };
		EDA1E0D4236AD72700B81C68 /* Storyboards.swift in Sources */ = {isa = PBXBuildFile; fileRef = EDA1E0D3236AD72700B81C68 /* Storyboards.swift */; };
		EDA1E0D9236AD75600B81C68 /* SearchTermsViewModelViewController.swift in Sources */ = {isa = PBXBuildFile; fileRef = EDA1E0D6236AD75600B81C68 /* SearchTermsViewModelViewController.swift */; };
		EDA1E0DA236AD75600B81C68 /* SearchTermsViewModelProtocols.swift in Sources */ = {isa = PBXBuildFile; fileRef = EDA1E0D7236AD75600B81C68 /* SearchTermsViewModelProtocols.swift */; };
		EDA1E0DB236AD75600B81C68 /* SearchTermsViewModel.swift in Sources */ = {isa = PBXBuildFile; fileRef = EDA1E0D8236AD75600B81C68 /* SearchTermsViewModel.swift */; };
		EDA1E0DD236AD78800B81C68 /* BindableType.swift in Sources */ = {isa = PBXBuildFile; fileRef = EDA1E0DC236AD78800B81C68 /* BindableType.swift */; };
		EDA1E0E0236AD7BD00B81C68 /* BaseViewController.swift in Sources */ = {isa = PBXBuildFile; fileRef = EDA1E0DF236AD7BD00B81C68 /* BaseViewController.swift */; };
		FE0EB7125043604691943DB1 /* Pods_MobiquityTask.framework in Frameworks */ = {isa = PBXBuildFile; fileRef = 17271A59EB755B446C789D93 /* Pods_MobiquityTask.framework */; };
/* End PBXBuildFile section */

/* Begin PBXContainerItemProxy section */
		EDA1E0B3236A613100B81C68 /* PBXContainerItemProxy */ = {
			isa = PBXContainerItemProxy;
			containerPortal = EDA1E091236A612F00B81C68 /* Project object */;
			proxyType = 1;
			remoteGlobalIDString = EDA1E098236A612F00B81C68;
			remoteInfo = MobiquityTask;
		};
/* End PBXContainerItemProxy section */

/* Begin PBXFileReference section */
		17271A59EB755B446C789D93 /* Pods_MobiquityTask.framework */ = {isa = PBXFileReference; explicitFileType = wrapper.framework; includeInIndex = 0; path = Pods_MobiquityTask.framework; sourceTree = BUILT_PRODUCTS_DIR; };
		2B5B35DDE2C2273692AE8E58 /* Pods-MobiquityTask.release.xcconfig */ = {isa = PBXFileReference; includeInIndex = 1; lastKnownFileType = text.xcconfig; name = "Pods-MobiquityTask.release.xcconfig"; path = "Target Support Files/Pods-MobiquityTask/Pods-MobiquityTask.release.xcconfig"; sourceTree = "<group>"; };
		460527B69266970EB4202752 /* Pods-MobiquityTaskTests.release.xcconfig */ = {isa = PBXFileReference; includeInIndex = 1; lastKnownFileType = text.xcconfig; name = "Pods-MobiquityTaskTests.release.xcconfig"; path = "Target Support Files/Pods-MobiquityTaskTests/Pods-MobiquityTaskTests.release.xcconfig"; sourceTree = "<group>"; };
		6838CE167D438A30DA698ED8 /* Pods_MobiquityTaskTests.framework */ = {isa = PBXFileReference; explicitFileType = wrapper.framework; includeInIndex = 0; path = Pods_MobiquityTaskTests.framework; sourceTree = BUILT_PRODUCTS_DIR; };
		8D37C3DB741823E18E8D51BE /* Pods-MobiquityTaskTests.debug.xcconfig */ = {isa = PBXFileReference; includeInIndex = 1; lastKnownFileType = text.xcconfig; name = "Pods-MobiquityTaskTests.debug.xcconfig"; path = "Target Support Files/Pods-MobiquityTaskTests/Pods-MobiquityTaskTests.debug.xcconfig"; sourceTree = "<group>"; };
		B7654E6671A5FD16954B7C4A /* Pods-MobiquityTask.debug.xcconfig */ = {isa = PBXFileReference; includeInIndex = 1; lastKnownFileType = text.xcconfig; name = "Pods-MobiquityTask.debug.xcconfig"; path = "Target Support Files/Pods-MobiquityTask/Pods-MobiquityTask.debug.xcconfig"; sourceTree = "<group>"; };
		ED6EE809236C3FF100CB084B /* CoreDataManager.swift */ = {isa = PBXFileReference; lastKnownFileType = sourcecode.swift; path = CoreDataManager.swift; sourceTree = "<group>"; };
		ED6EE80B236C406900CB084B /* Error+code.swift */ = {isa = PBXFileReference; lastKnownFileType = sourcecode.swift; path = "Error+code.swift"; sourceTree = "<group>"; };
		ED6EE816236C64F200CB084B /* SearchHistoryServicing.swift */ = {isa = PBXFileReference; lastKnownFileType = sourcecode.swift; path = SearchHistoryServicing.swift; sourceTree = "<group>"; };
		ED6EE818236C650000CB084B /* SearchTextCoreDataService.swift */ = {isa = PBXFileReference; lastKnownFileType = sourcecode.swift; path = SearchTextCoreDataService.swift; sourceTree = "<group>"; };
		ED6EE81F236C679B00CB084B /* SearchTerm.swift */ = {isa = PBXFileReference; lastKnownFileType = sourcecode.swift; path = SearchTerm.swift; sourceTree = "<group>"; };
		ED6EE823236C7FE800CB084B /* SearchTermTableViewCell.swift */ = {isa = PBXFileReference; lastKnownFileType = sourcecode.swift; path = SearchTermTableViewCell.swift; sourceTree = "<group>"; };
		ED6EE824236C7FE800CB084B /* SearchTermTableViewCell.xib */ = {isa = PBXFileReference; lastKnownFileType = file.xib; path = SearchTermTableViewCell.xib; sourceTree = "<group>"; };
		EDA1E099236A612F00B81C68 /* MobiquityTask.app */ = {isa = PBXFileReference; explicitFileType = wrapper.application; includeInIndex = 0; path = MobiquityTask.app; sourceTree = BUILT_PRODUCTS_DIR; };
		EDA1E09C236A612F00B81C68 /* AppDelegate.swift */ = {isa = PBXFileReference; lastKnownFileType = sourcecode.swift; path = AppDelegate.swift; sourceTree = "<group>"; };
		EDA1E0A3236A612F00B81C68 /* Base */ = {isa = PBXFileReference; lastKnownFileType = file.storyboard; name = Base; path = Base.lproj/Main.storyboard; sourceTree = "<group>"; };
		EDA1E0A6236A612F00B81C68 /* MobiquityTask.xcdatamodel */ = {isa = PBXFileReference; lastKnownFileType = wrapper.xcdatamodel; path = MobiquityTask.xcdatamodel; sourceTree = "<group>"; };
		EDA1E0A8236A613100B81C68 /* Assets.xcassets */ = {isa = PBXFileReference; lastKnownFileType = folder.assetcatalog; path = Assets.xcassets; sourceTree = "<group>"; };
		EDA1E0AB236A613100B81C68 /* Base */ = {isa = PBXFileReference; lastKnownFileType = file.storyboard; name = Base; path = Base.lproj/LaunchScreen.storyboard; sourceTree = "<group>"; };
		EDA1E0AD236A613100B81C68 /* Info.plist */ = {isa = PBXFileReference; lastKnownFileType = text.plist.xml; path = Info.plist; sourceTree = "<group>"; };
		EDA1E0B2236A613100B81C68 /* MobiquityTaskTests.xctest */ = {isa = PBXFileReference; explicitFileType = wrapper.cfbundle; includeInIndex = 0; path = MobiquityTaskTests.xctest; sourceTree = BUILT_PRODUCTS_DIR; };
		EDA1E0B6236A613100B81C68 /* MobiquityTaskTests.swift */ = {isa = PBXFileReference; lastKnownFileType = sourcecode.swift; path = MobiquityTaskTests.swift; sourceTree = "<group>"; };
		EDA1E0B8236A613100B81C68 /* Info.plist */ = {isa = PBXFileReference; lastKnownFileType = text.plist.xml; path = Info.plist; sourceTree = "<group>"; };
		EDA1E0CB236AD4E900B81C68 /* Animation+Fade.swift */ = {isa = PBXFileReference; lastKnownFileType = sourcecode.swift; path = "Animation+Fade.swift"; sourceTree = "<group>"; };
		EDA1E0CD236AD50800B81C68 /* Transition+presentFullScreen.swift */ = {isa = PBXFileReference; lastKnownFileType = sourcecode.swift; path = "Transition+presentFullScreen.swift"; sourceTree = "<group>"; };
		EDA1E0CF236AD51500B81C68 /* AppStartUpRoute.swift */ = {isa = PBXFileReference; lastKnownFileType = sourcecode.swift; path = AppStartUpRoute.swift; sourceTree = "<group>"; };
		EDA1E0D1236AD55100B81C68 /* AppStartUpCoordinator.swift */ = {isa = PBXFileReference; lastKnownFileType = sourcecode.swift; path = AppStartUpCoordinator.swift; sourceTree = "<group>"; };
		EDA1E0D3236AD72700B81C68 /* Storyboards.swift */ = {isa = PBXFileReference; lastKnownFileType = sourcecode.swift; path = Storyboards.swift; sourceTree = "<group>"; };
		EDA1E0D6236AD75600B81C68 /* SearchTermsViewModelViewController.swift */ = {isa = PBXFileReference; lastKnownFileType = sourcecode.swift; path = SearchTermsViewModelViewController.swift; sourceTree = "<group>"; };
		EDA1E0D7236AD75600B81C68 /* SearchTermsViewModelProtocols.swift */ = {isa = PBXFileReference; lastKnownFileType = sourcecode.swift; path = SearchTermsViewModelProtocols.swift; sourceTree = "<group>"; };
		EDA1E0D8236AD75600B81C68 /* SearchTermsViewModel.swift */ = {isa = PBXFileReference; lastKnownFileType = sourcecode.swift; path = SearchTermsViewModel.swift; sourceTree = "<group>"; };
		EDA1E0DC236AD78800B81C68 /* BindableType.swift */ = {isa = PBXFileReference; lastKnownFileType = sourcecode.swift; path = BindableType.swift; sourceTree = "<group>"; };
		EDA1E0DF236AD7BD00B81C68 /* BaseViewController.swift */ = {isa = PBXFileReference; lastKnownFileType = sourcecode.swift; path = BaseViewController.swift; sourceTree = "<group>"; };
/* End PBXFileReference section */

/* Begin PBXFrameworksBuildPhase section */
		EDA1E096236A612F00B81C68 /* Frameworks */ = {
			isa = PBXFrameworksBuildPhase;
			buildActionMask = 2147483647;
			files = (
				FE0EB7125043604691943DB1 /* Pods_MobiquityTask.framework in Frameworks */,
			);
			runOnlyForDeploymentPostprocessing = 0;
		};
		EDA1E0AF236A613100B81C68 /* Frameworks */ = {
			isa = PBXFrameworksBuildPhase;
			buildActionMask = 2147483647;
			files = (
				C6CC4E82DAC758DB42CE2DE5 /* Pods_MobiquityTaskTests.framework in Frameworks */,
			);
			runOnlyForDeploymentPostprocessing = 0;
		};
/* End PBXFrameworksBuildPhase section */

/* Begin PBXGroup section */
		35B94D97D29EFCCB0F5A2574 /* Pods */ = {
			isa = PBXGroup;
			children = (
				B7654E6671A5FD16954B7C4A /* Pods-MobiquityTask.debug.xcconfig */,
				2B5B35DDE2C2273692AE8E58 /* Pods-MobiquityTask.release.xcconfig */,
				8D37C3DB741823E18E8D51BE /* Pods-MobiquityTaskTests.debug.xcconfig */,
				460527B69266970EB4202752 /* Pods-MobiquityTaskTests.release.xcconfig */,
			);
			path = Pods;
			sourceTree = "<group>";
		};
		68771803C79A409B54070B07 /* Frameworks */ = {
			isa = PBXGroup;
			children = (
				17271A59EB755B446C789D93 /* Pods_MobiquityTask.framework */,
				6838CE167D438A30DA698ED8 /* Pods_MobiquityTaskTests.framework */,
			);
			name = Frameworks;
			sourceTree = "<group>";
		};
		ED6EE803236C3E3500CB084B /*  CoreData */ = {
			isa = PBXGroup;
			children = (
				ED6EE81E236C678400CB084B /* SearchTerm */,
			);
			path = " CoreData";
			sourceTree = "<group>";
		};
		ED6EE808236C3FDF00CB084B /* CoreData */ = {
			isa = PBXGroup;
			children = (
				ED6EE809236C3FF100CB084B /* CoreDataManager.swift */,
			);
			path = CoreData;
			sourceTree = "<group>";
		};
		ED6EE814236C64B800CB084B /* Services */ = {
			isa = PBXGroup;
			children = (
				ED6EE815236C64DB00CB084B /* SearchHistoryService */,
			);
			path = Services;
			sourceTree = "<group>";
		};
		ED6EE815236C64DB00CB084B /* SearchHistoryService */ = {
			isa = PBXGroup;
			children = (
				ED6EE816236C64F200CB084B /* SearchHistoryServicing.swift */,
				ED6EE818236C650000CB084B /* SearchTextCoreDataService.swift */,
			);
			path = SearchHistoryService;
			sourceTree = "<group>";
		};
		ED6EE81E236C678400CB084B /* SearchTerm */ = {
			isa = PBXGroup;
			children = (
				ED6EE81F236C679B00CB084B /* SearchTerm.swift */,
			);
			path = SearchTerm;
			sourceTree = "<group>";
		};
		ED6EE821236C7FD100CB084B /* Cells */ = {
			isa = PBXGroup;
			children = (
				ED6EE822236C7FDB00CB084B /* SearchTermTableViewCell */,
			);
			path = Cells;
			sourceTree = "<group>";
		};
		ED6EE822236C7FDB00CB084B /* SearchTermTableViewCell */ = {
			isa = PBXGroup;
			children = (
				ED6EE823236C7FE800CB084B /* SearchTermTableViewCell.swift */,
				ED6EE824236C7FE800CB084B /* SearchTermTableViewCell.xib */,
			);
			path = SearchTermTableViewCell;
			sourceTree = "<group>";
		};
		EDA1E090236A612F00B81C68 = {
			isa = PBXGroup;
			children = (
				EDA1E09B236A612F00B81C68 /* MobiquityTask */,
				EDA1E0B5236A613100B81C68 /* MobiquityTaskTests */,
				EDA1E09A236A612F00B81C68 /* Products */,
				35B94D97D29EFCCB0F5A2574 /* Pods */,
				68771803C79A409B54070B07 /* Frameworks */,
			);
			sourceTree = "<group>";
		};
		EDA1E09A236A612F00B81C68 /* Products */ = {
			isa = PBXGroup;
			children = (
				EDA1E099236A612F00B81C68 /* MobiquityTask.app */,
				EDA1E0B2236A613100B81C68 /* MobiquityTaskTests.xctest */,
			);
			name = Products;
			sourceTree = "<group>";
		};
		EDA1E09B236A612F00B81C68 /* MobiquityTask */ = {
			isa = PBXGroup;
			children = (
				ED6EE814236C64B800CB084B /* Services */,
				EDA1E0C7236A689500B81C68 /* Application */,
				EDA1E0C3236A686200B81C68 /* Coordinators */,
				EDA1E0C6236A688000B81C68 /* Common */,
				EDA1E0C5236A687300B81C68 /* Modules */,
				EDA1E0C4236A686F00B81C68 /* Models */,
				EDA1E0C2236A685700B81C68 /* Storyboards */,
				EDA1E0C1236A684000B81C68 /* SupportFiles */,
			);
			path = MobiquityTask;
			sourceTree = "<group>";
		};
		EDA1E0B5236A613100B81C68 /* MobiquityTaskTests */ = {
			isa = PBXGroup;
			children = (
				EDA1E0B6236A613100B81C68 /* MobiquityTaskTests.swift */,
				EDA1E0B8236A613100B81C68 /* Info.plist */,
			);
			path = MobiquityTaskTests;
			sourceTree = "<group>";
		};
		EDA1E0C1236A684000B81C68 /* SupportFiles */ = {
			isa = PBXGroup;
			children = (
				EDA1E0A5236A612F00B81C68 /* MobiquityTask.xcdatamodeld */,
				EDA1E0A8236A613100B81C68 /* Assets.xcassets */,
				EDA1E0AD236A613100B81C68 /* Info.plist */,
				EDA1E0AA236A613100B81C68 /* LaunchScreen.storyboard */,
			);
			path = SupportFiles;
			sourceTree = "<group>";
		};
		EDA1E0C2236A685700B81C68 /* Storyboards */ = {
			isa = PBXGroup;
			children = (
				EDA1E0A2236A612F00B81C68 /* Main.storyboard */,
				EDA1E0D3236AD72700B81C68 /* Storyboards.swift */,
			);
			path = Storyboards;
			sourceTree = "<group>";
		};
		EDA1E0C3236A686200B81C68 /* Coordinators */ = {
			isa = PBXGroup;
			children = (
				EDA1E0CA236AD4CE00B81C68 /* Animations */,
				EDA1E0C9236AD4C800B81C68 /* Extensions */,
				EDA1E0C8236AD4B900B81C68 /* Routes */,
				EDA1E0D1236AD55100B81C68 /* AppStartUpCoordinator.swift */,
			);
			path = Coordinators;
			sourceTree = "<group>";
		};
		EDA1E0C4236A686F00B81C68 /* Models */ = {
			isa = PBXGroup;
			children = (
				ED6EE803236C3E3500CB084B /*  CoreData */,
			);
			path = Models;
			sourceTree = "<group>";
		};
		EDA1E0C5236A687300B81C68 /* Modules */ = {
			isa = PBXGroup;
			children = (
				EDA1E0D5236AD74200B81C68 /* SearchTerms */,
			);
			path = Modules;
			sourceTree = "<group>";
		};
		EDA1E0C6236A688000B81C68 /* Common */ = {
			isa = PBXGroup;
			children = (
				ED6EE808236C3FDF00CB084B /* CoreData */,
				EDA1E0DC236AD78800B81C68 /* BindableType.swift */,
				ED6EE80B236C406900CB084B /* Error+code.swift */,
			);
			path = Common;
			sourceTree = "<group>";
		};
		EDA1E0C7236A689500B81C68 /* Application */ = {
			isa = PBXGroup;
			children = (
				EDA1E09C236A612F00B81C68 /* AppDelegate.swift */,
				EDA1E0DF236AD7BD00B81C68 /* BaseViewController.swift */,
			);
			path = Application;
			sourceTree = "<group>";
		};
		EDA1E0C8236AD4B900B81C68 /* Routes */ = {
			isa = PBXGroup;
			children = (
				EDA1E0CF236AD51500B81C68 /* AppStartUpRoute.swift */,
			);
			path = Routes;
			sourceTree = "<group>";
		};
		EDA1E0C9236AD4C800B81C68 /* Extensions */ = {
			isa = PBXGroup;
			children = (
				EDA1E0CD236AD50800B81C68 /* Transition+presentFullScreen.swift */,
			);
			path = Extensions;
			sourceTree = "<group>";
		};
		EDA1E0CA236AD4CE00B81C68 /* Animations */ = {
			isa = PBXGroup;
			children = (
				EDA1E0CB236AD4E900B81C68 /* Animation+Fade.swift */,
			);
			path = Animations;
			sourceTree = "<group>";
		};
		EDA1E0D5236AD74200B81C68 /* SearchTerms */ = {
			isa = PBXGroup;
			children = (
				ED6EE821236C7FD100CB084B /* Cells */,
				EDA1E0D6236AD75600B81C68 /* SearchTermsViewModelViewController.swift */,
				EDA1E0D7236AD75600B81C68 /* SearchTermsViewModelProtocols.swift */,
				EDA1E0D8236AD75600B81C68 /* SearchTermsViewModel.swift */,
			);
			path = SearchTerms;
			sourceTree = "<group>";
		};
/* End PBXGroup section */

/* Begin PBXNativeTarget section */
		EDA1E098236A612F00B81C68 /* MobiquityTask */ = {
			isa = PBXNativeTarget;
			buildConfigurationList = EDA1E0BB236A613100B81C68 /* Build configuration list for PBXNativeTarget "MobiquityTask" */;
			buildPhases = (
				683B7D9084ED333FCE36618E /* [CP] Check Pods Manifest.lock */,
				EDA1E095236A612F00B81C68 /* Sources */,
				EDA1E096236A612F00B81C68 /* Frameworks */,
				EDA1E097236A612F00B81C68 /* Resources */,
				2CB5DD82F393304FFE67DA50 /* [CP] Embed Pods Frameworks */,
			);
			buildRules = (
			);
			dependencies = (
			);
			name = MobiquityTask;
			productName = MobiquityTask;
			productReference = EDA1E099236A612F00B81C68 /* MobiquityTask.app */;
			productType = "com.apple.product-type.application";
		};
		EDA1E0B1236A613100B81C68 /* MobiquityTaskTests */ = {
			isa = PBXNativeTarget;
			buildConfigurationList = EDA1E0BE236A613100B81C68 /* Build configuration list for PBXNativeTarget "MobiquityTaskTests" */;
			buildPhases = (
				1F78D2435F797BAFA416F246 /* [CP] Check Pods Manifest.lock */,
				EDA1E0AE236A613100B81C68 /* Sources */,
				EDA1E0AF236A613100B81C68 /* Frameworks */,
				EDA1E0B0236A613100B81C68 /* Resources */,
			);
			buildRules = (
			);
			dependencies = (
				EDA1E0B4236A613100B81C68 /* PBXTargetDependency */,
			);
			name = MobiquityTaskTests;
			productName = MobiquityTaskTests;
			productReference = EDA1E0B2236A613100B81C68 /* MobiquityTaskTests.xctest */;
			productType = "com.apple.product-type.bundle.unit-test";
		};
/* End PBXNativeTarget section */

/* Begin PBXProject section */
		EDA1E091236A612F00B81C68 /* Project object */ = {
			isa = PBXProject;
			attributes = {
				LastSwiftUpdateCheck = 1100;
				LastUpgradeCheck = 1100;
				ORGANIZATIONNAME = Elwan;
				TargetAttributes = {
					EDA1E098236A612F00B81C68 = {
						CreatedOnToolsVersion = 11.0;
					};
					EDA1E0B1236A613100B81C68 = {
						CreatedOnToolsVersion = 11.0;
						TestTargetID = EDA1E098236A612F00B81C68;
					};
				};
			};
			buildConfigurationList = EDA1E094236A612F00B81C68 /* Build configuration list for PBXProject "MobiquityTask" */;
			compatibilityVersion = "Xcode 9.3";
			developmentRegion = en;
			hasScannedForEncodings = 0;
			knownRegions = (
				en,
				Base,
			);
			mainGroup = EDA1E090236A612F00B81C68;
			productRefGroup = EDA1E09A236A612F00B81C68 /* Products */;
			projectDirPath = "";
			projectRoot = "";
			targets = (
				EDA1E098236A612F00B81C68 /* MobiquityTask */,
				EDA1E0B1236A613100B81C68 /* MobiquityTaskTests */,
			);
		};
/* End PBXProject section */

/* Begin PBXResourcesBuildPhase section */
		EDA1E097236A612F00B81C68 /* Resources */ = {
			isa = PBXResourcesBuildPhase;
			buildActionMask = 2147483647;
			files = (
				EDA1E0AC236A613100B81C68 /* LaunchScreen.storyboard in Resources */,
				ED6EE826236C7FE800CB084B /* SearchTermTableViewCell.xib in Resources */,
				EDA1E0A9236A613100B81C68 /* Assets.xcassets in Resources */,
				EDA1E0A4236A612F00B81C68 /* Main.storyboard in Resources */,
			);
			runOnlyForDeploymentPostprocessing = 0;
		};
		EDA1E0B0236A613100B81C68 /* Resources */ = {
			isa = PBXResourcesBuildPhase;
			buildActionMask = 2147483647;
			files = (
			);
			runOnlyForDeploymentPostprocessing = 0;
		};
/* End PBXResourcesBuildPhase section */

/* Begin PBXShellScriptBuildPhase section */
		1F78D2435F797BAFA416F246 /* [CP] Check Pods Manifest.lock */ = {
			isa = PBXShellScriptBuildPhase;
			buildActionMask = 2147483647;
			files = (
			);
			inputFileListPaths = (
			);
			inputPaths = (
				"${PODS_PODFILE_DIR_PATH}/Podfile.lock",
				"${PODS_ROOT}/Manifest.lock",
			);
			name = "[CP] Check Pods Manifest.lock";
			outputFileListPaths = (
			);
			outputPaths = (
				"$(DERIVED_FILE_DIR)/Pods-MobiquityTaskTests-checkManifestLockResult.txt",
			);
			runOnlyForDeploymentPostprocessing = 0;
			shellPath = /bin/sh;
			shellScript = "diff \"${PODS_PODFILE_DIR_PATH}/Podfile.lock\" \"${PODS_ROOT}/Manifest.lock\" > /dev/null\nif [ $? != 0 ] ; then\n    # print error to STDERR\n    echo \"error: The sandbox is not in sync with the Podfile.lock. Run 'pod install' or update your CocoaPods installation.\" >&2\n    exit 1\nfi\n# This output is used by Xcode 'outputs' to avoid re-running this script phase.\necho \"SUCCESS\" > \"${SCRIPT_OUTPUT_FILE_0}\"\n";
			showEnvVarsInLog = 0;
		};
		2CB5DD82F393304FFE67DA50 /* [CP] Embed Pods Frameworks */ = {
			isa = PBXShellScriptBuildPhase;
			buildActionMask = 2147483647;
			files = (
			);
			inputFileListPaths = (
				"${PODS_ROOT}/Target Support Files/Pods-MobiquityTask/Pods-MobiquityTask-frameworks-${CONFIGURATION}-input-files.xcfilelist",
			);
			name = "[CP] Embed Pods Frameworks";
			outputFileListPaths = (
				"${PODS_ROOT}/Target Support Files/Pods-MobiquityTask/Pods-MobiquityTask-frameworks-${CONFIGURATION}-output-files.xcfilelist",
			);
			runOnlyForDeploymentPostprocessing = 0;
			shellPath = /bin/sh;
			shellScript = "\"${PODS_ROOT}/Target Support Files/Pods-MobiquityTask/Pods-MobiquityTask-frameworks.sh\"\n";
			showEnvVarsInLog = 0;
		};
		683B7D9084ED333FCE36618E /* [CP] Check Pods Manifest.lock */ = {
			isa = PBXShellScriptBuildPhase;
			buildActionMask = 2147483647;
			files = (
			);
			inputFileListPaths = (
			);
			inputPaths = (
				"${PODS_PODFILE_DIR_PATH}/Podfile.lock",
				"${PODS_ROOT}/Manifest.lock",
			);
			name = "[CP] Check Pods Manifest.lock";
			outputFileListPaths = (
			);
			outputPaths = (
				"$(DERIVED_FILE_DIR)/Pods-MobiquityTask-checkManifestLockResult.txt",
			);
			runOnlyForDeploymentPostprocessing = 0;
			shellPath = /bin/sh;
			shellScript = "diff \"${PODS_PODFILE_DIR_PATH}/Podfile.lock\" \"${PODS_ROOT}/Manifest.lock\" > /dev/null\nif [ $? != 0 ] ; then\n    # print error to STDERR\n    echo \"error: The sandbox is not in sync with the Podfile.lock. Run 'pod install' or update your CocoaPods installation.\" >&2\n    exit 1\nfi\n# This output is used by Xcode 'outputs' to avoid re-running this script phase.\necho \"SUCCESS\" > \"${SCRIPT_OUTPUT_FILE_0}\"\n";
			showEnvVarsInLog = 0;
		};
/* End PBXShellScriptBuildPhase section */

/* Begin PBXSourcesBuildPhase section */
		EDA1E095236A612F00B81C68 /* Sources */ = {
			isa = PBXSourcesBuildPhase;
			buildActionMask = 2147483647;
			files = (
				ED6EE827236C849100CB084B /* MobiquityTask.xcdatamodeld in Sources */,
				EDA1E0DB236AD75600B81C68 /* SearchTermsViewModel.swift in Sources */,
				EDA1E0DA236AD75600B81C68 /* SearchTermsViewModelProtocols.swift in Sources */,
				EDA1E0D0236AD51500B81C68 /* AppStartUpRoute.swift in Sources */,
				ED6EE820236C679B00CB084B /* SearchTerm.swift in Sources */,
				EDA1E0D2236AD55100B81C68 /* AppStartUpCoordinator.swift in Sources */,
				EDA1E0E0236AD7BD00B81C68 /* BaseViewController.swift in Sources */,
				ED6EE819236C650000CB084B /* SearchTextCoreDataService.swift in Sources */,
				EDA1E09D236A612F00B81C68 /* AppDelegate.swift in Sources */,
				EDA1E0CC236AD4E900B81C68 /* Animation+Fade.swift in Sources */,
				ED6EE825236C7FE800CB084B /* SearchTermTableViewCell.swift in Sources */,
				ED6EE817236C64F200CB084B /* SearchHistoryServicing.swift in Sources */,
				ED6EE80C236C406900CB084B /* Error+code.swift in Sources */,
				EDA1E0CE236AD50800B81C68 /* Transition+presentFullScreen.swift in Sources */,
				EDA1E0D4236AD72700B81C68 /* Storyboards.swift in Sources */,
				EDA1E0DD236AD78800B81C68 /* BindableType.swift in Sources */,
				ED6EE80D236C40C300CB084B /* CoreDataManager.swift in Sources */,
				EDA1E0D9236AD75600B81C68 /* SearchTermsViewModelViewController.swift in Sources */,
			);
			runOnlyForDeploymentPostprocessing = 0;
		};
		EDA1E0AE236A613100B81C68 /* Sources */ = {
			isa = PBXSourcesBuildPhase;
			buildActionMask = 2147483647;
			files = (
				EDA1E0B7236A613100B81C68 /* MobiquityTaskTests.swift in Sources */,
			);
			runOnlyForDeploymentPostprocessing = 0;
		};
/* End PBXSourcesBuildPhase section */

/* Begin PBXTargetDependency section */
		EDA1E0B4236A613100B81C68 /* PBXTargetDependency */ = {
			isa = PBXTargetDependency;
			target = EDA1E098236A612F00B81C68 /* MobiquityTask */;
			targetProxy = EDA1E0B3236A613100B81C68 /* PBXContainerItemProxy */;
		};
/* End PBXTargetDependency section */

/* Begin PBXVariantGroup section */
		EDA1E0A2236A612F00B81C68 /* Main.storyboard */ = {
			isa = PBXVariantGroup;
			children = (
				EDA1E0A3236A612F00B81C68 /* Base */,
			);
			name = Main.storyboard;
			sourceTree = "<group>";
		};
		EDA1E0AA236A613100B81C68 /* LaunchScreen.storyboard */ = {
			isa = PBXVariantGroup;
			children = (
				EDA1E0AB236A613100B81C68 /* Base */,
			);
			name = LaunchScreen.storyboard;
			sourceTree = "<group>";
		};
/* End PBXVariantGroup section */

/* Begin XCBuildConfiguration section */
		EDA1E0B9236A613100B81C68 /* Debug */ = {
			isa = XCBuildConfiguration;
			buildSettings = {
				ALWAYS_SEARCH_USER_PATHS = NO;
				CLANG_ANALYZER_NONNULL = YES;
				CLANG_ANALYZER_NUMBER_OBJECT_CONVERSION = YES_AGGRESSIVE;
				CLANG_CXX_LANGUAGE_STANDARD = "gnu++14";
				CLANG_CXX_LIBRARY = "libc++";
				CLANG_ENABLE_MODULES = YES;
				CLANG_ENABLE_OBJC_ARC = YES;
				CLANG_ENABLE_OBJC_WEAK = YES;
				CLANG_WARN_BLOCK_CAPTURE_AUTORELEASING = YES;
				CLANG_WARN_BOOL_CONVERSION = YES;
				CLANG_WARN_COMMA = YES;
				CLANG_WARN_CONSTANT_CONVERSION = YES;
				CLANG_WARN_DEPRECATED_OBJC_IMPLEMENTATIONS = YES;
				CLANG_WARN_DIRECT_OBJC_ISA_USAGE = YES_ERROR;
				CLANG_WARN_DOCUMENTATION_COMMENTS = YES;
				CLANG_WARN_EMPTY_BODY = YES;
				CLANG_WARN_ENUM_CONVERSION = YES;
				CLANG_WARN_INFINITE_RECURSION = YES;
				CLANG_WARN_INT_CONVERSION = YES;
				CLANG_WARN_NON_LITERAL_NULL_CONVERSION = YES;
				CLANG_WARN_OBJC_IMPLICIT_RETAIN_SELF = YES;
				CLANG_WARN_OBJC_LITERAL_CONVERSION = YES;
				CLANG_WARN_OBJC_ROOT_CLASS = YES_ERROR;
				CLANG_WARN_RANGE_LOOP_ANALYSIS = YES;
				CLANG_WARN_STRICT_PROTOTYPES = YES;
				CLANG_WARN_SUSPICIOUS_MOVE = YES;
				CLANG_WARN_UNGUARDED_AVAILABILITY = YES_AGGRESSIVE;
				CLANG_WARN_UNREACHABLE_CODE = YES;
				CLANG_WARN__DUPLICATE_METHOD_MATCH = YES;
				COPY_PHASE_STRIP = NO;
				DEBUG_INFORMATION_FORMAT = dwarf;
				ENABLE_STRICT_OBJC_MSGSEND = YES;
				ENABLE_TESTABILITY = YES;
				GCC_C_LANGUAGE_STANDARD = gnu11;
				GCC_DYNAMIC_NO_PIC = NO;
				GCC_NO_COMMON_BLOCKS = YES;
				GCC_OPTIMIZATION_LEVEL = 0;
				GCC_PREPROCESSOR_DEFINITIONS = (
					"DEBUG=1",
					"$(inherited)",
				);
				GCC_WARN_64_TO_32_BIT_CONVERSION = YES;
				GCC_WARN_ABOUT_RETURN_TYPE = YES_ERROR;
				GCC_WARN_UNDECLARED_SELECTOR = YES;
				GCC_WARN_UNINITIALIZED_AUTOS = YES_AGGRESSIVE;
				GCC_WARN_UNUSED_FUNCTION = YES;
				GCC_WARN_UNUSED_VARIABLE = YES;
				IPHONEOS_DEPLOYMENT_TARGET = 13.0;
				MTL_ENABLE_DEBUG_INFO = INCLUDE_SOURCE;
				MTL_FAST_MATH = YES;
				ONLY_ACTIVE_ARCH = YES;
				SDKROOT = iphoneos;
				SWIFT_ACTIVE_COMPILATION_CONDITIONS = DEBUG;
				SWIFT_OPTIMIZATION_LEVEL = "-Onone";
			};
			name = Debug;
		};
		EDA1E0BA236A613100B81C68 /* Release */ = {
			isa = XCBuildConfiguration;
			buildSettings = {
				ALWAYS_SEARCH_USER_PATHS = NO;
				CLANG_ANALYZER_NONNULL = YES;
				CLANG_ANALYZER_NUMBER_OBJECT_CONVERSION = YES_AGGRESSIVE;
				CLANG_CXX_LANGUAGE_STANDARD = "gnu++14";
				CLANG_CXX_LIBRARY = "libc++";
				CLANG_ENABLE_MODULES = YES;
				CLANG_ENABLE_OBJC_ARC = YES;
				CLANG_ENABLE_OBJC_WEAK = YES;
				CLANG_WARN_BLOCK_CAPTURE_AUTORELEASING = YES;
				CLANG_WARN_BOOL_CONVERSION = YES;
				CLANG_WARN_COMMA = YES;
				CLANG_WARN_CONSTANT_CONVERSION = YES;
				CLANG_WARN_DEPRECATED_OBJC_IMPLEMENTATIONS = YES;
				CLANG_WARN_DIRECT_OBJC_ISA_USAGE = YES_ERROR;
				CLANG_WARN_DOCUMENTATION_COMMENTS = YES;
				CLANG_WARN_EMPTY_BODY = YES;
				CLANG_WARN_ENUM_CONVERSION = YES;
				CLANG_WARN_INFINITE_RECURSION = YES;
				CLANG_WARN_INT_CONVERSION = YES;
				CLANG_WARN_NON_LITERAL_NULL_CONVERSION = YES;
				CLANG_WARN_OBJC_IMPLICIT_RETAIN_SELF = YES;
				CLANG_WARN_OBJC_LITERAL_CONVERSION = YES;
				CLANG_WARN_OBJC_ROOT_CLASS = YES_ERROR;
				CLANG_WARN_RANGE_LOOP_ANALYSIS = YES;
				CLANG_WARN_STRICT_PROTOTYPES = YES;
				CLANG_WARN_SUSPICIOUS_MOVE = YES;
				CLANG_WARN_UNGUARDED_AVAILABILITY = YES_AGGRESSIVE;
				CLANG_WARN_UNREACHABLE_CODE = YES;
				CLANG_WARN__DUPLICATE_METHOD_MATCH = YES;
				COPY_PHASE_STRIP = NO;
				DEBUG_INFORMATION_FORMAT = "dwarf-with-dsym";
				ENABLE_NS_ASSERTIONS = NO;
				ENABLE_STRICT_OBJC_MSGSEND = YES;
				GCC_C_LANGUAGE_STANDARD = gnu11;
				GCC_NO_COMMON_BLOCKS = YES;
				GCC_WARN_64_TO_32_BIT_CONVERSION = YES;
				GCC_WARN_ABOUT_RETURN_TYPE = YES_ERROR;
				GCC_WARN_UNDECLARED_SELECTOR = YES;
				GCC_WARN_UNINITIALIZED_AUTOS = YES_AGGRESSIVE;
				GCC_WARN_UNUSED_FUNCTION = YES;
				GCC_WARN_UNUSED_VARIABLE = YES;
				IPHONEOS_DEPLOYMENT_TARGET = 13.0;
				MTL_ENABLE_DEBUG_INFO = NO;
				MTL_FAST_MATH = YES;
				SDKROOT = iphoneos;
				SWIFT_COMPILATION_MODE = wholemodule;
				SWIFT_OPTIMIZATION_LEVEL = "-O";
				VALIDATE_PRODUCT = YES;
			};
			name = Release;
		};
		EDA1E0BC236A613100B81C68 /* Debug */ = {
			isa = XCBuildConfiguration;
			baseConfigurationReference = B7654E6671A5FD16954B7C4A /* Pods-MobiquityTask.debug.xcconfig */;
			buildSettings = {
				ASSETCATALOG_COMPILER_APPICON_NAME = AppIcon;
				CODE_SIGN_STYLE = Automatic;
				DEVELOPMENT_TEAM = 4GK555R9K9;
				INFOPLIST_FILE = MobiquityTask/SupportFiles/Info.plist;
				LD_RUNPATH_SEARCH_PATHS = (
					"$(inherited)",
					"@executable_path/Frameworks",
				);
				PRODUCT_BUNDLE_IDENTIFIER = com.elwan.MobiquityTask;
				PRODUCT_NAME = "$(TARGET_NAME)";
				SWIFT_VERSION = 5.0;
				TARGETED_DEVICE_FAMILY = "1,2";
			};
			name = Debug;
		};
		EDA1E0BD236A613100B81C68 /* Release */ = {
			isa = XCBuildConfiguration;
			baseConfigurationReference = 2B5B35DDE2C2273692AE8E58 /* Pods-MobiquityTask.release.xcconfig */;
			buildSettings = {
				ASSETCATALOG_COMPILER_APPICON_NAME = AppIcon;
				CODE_SIGN_STYLE = Automatic;
				DEVELOPMENT_TEAM = 4GK555R9K9;
				INFOPLIST_FILE = MobiquityTask/SupportFiles/Info.plist;
				LD_RUNPATH_SEARCH_PATHS = (
					"$(inherited)",
					"@executable_path/Frameworks",
				);
				PRODUCT_BUNDLE_IDENTIFIER = com.elwan.MobiquityTask;
				PRODUCT_NAME = "$(TARGET_NAME)";
				SWIFT_VERSION = 5.0;
				TARGETED_DEVICE_FAMILY = "1,2";
			};
			name = Release;
		};
		EDA1E0BF236A613100B81C68 /* Debug */ = {
			isa = XCBuildConfiguration;
			baseConfigurationReference = 8D37C3DB741823E18E8D51BE /* Pods-MobiquityTaskTests.debug.xcconfig */;
			buildSettings = {
				ALWAYS_EMBED_SWIFT_STANDARD_LIBRARIES = YES;
				BUNDLE_LOADER = "$(TEST_HOST)";
				CODE_SIGN_STYLE = Automatic;
				DEVELOPMENT_TEAM = 4GK555R9K9;
				INFOPLIST_FILE = MobiquityTaskTests/Info.plist;
				IPHONEOS_DEPLOYMENT_TARGET = 13.0;
				LD_RUNPATH_SEARCH_PATHS = (
					"$(inherited)",
					"@executable_path/Frameworks",
					"@loader_path/Frameworks",
				);
				PRODUCT_BUNDLE_IDENTIFIER = com.elwan.MobiquityTaskTests;
				PRODUCT_NAME = "$(TARGET_NAME)";
				SWIFT_VERSION = 5.0;
				TARGETED_DEVICE_FAMILY = "1,2";
				TEST_HOST = "$(BUILT_PRODUCTS_DIR)/MobiquityTask.app/MobiquityTask";
			};
			name = Debug;
		};
		EDA1E0C0236A613100B81C68 /* Release */ = {
			isa = XCBuildConfiguration;
			baseConfigurationReference = 460527B69266970EB4202752 /* Pods-MobiquityTaskTests.release.xcconfig */;
			buildSettings = {
				ALWAYS_EMBED_SWIFT_STANDARD_LIBRARIES = YES;
				BUNDLE_LOADER = "$(TEST_HOST)";
				CODE_SIGN_STYLE = Automatic;
				DEVELOPMENT_TEAM = 4GK555R9K9;
				INFOPLIST_FILE = MobiquityTaskTests/Info.plist;
				IPHONEOS_DEPLOYMENT_TARGET = 13.0;
				LD_RUNPATH_SEARCH_PATHS = (
					"$(inherited)",
					"@executable_path/Frameworks",
					"@loader_path/Frameworks",
				);
				PRODUCT_BUNDLE_IDENTIFIER = com.elwan.MobiquityTaskTests;
				PRODUCT_NAME = "$(TARGET_NAME)";
				SWIFT_VERSION = 5.0;
				TARGETED_DEVICE_FAMILY = "1,2";
				TEST_HOST = "$(BUILT_PRODUCTS_DIR)/MobiquityTask.app/MobiquityTask";
			};
			name = Release;
		};
/* End XCBuildConfiguration section */

/* Begin XCConfigurationList section */
		EDA1E094236A612F00B81C68 /* Build configuration list for PBXProject "MobiquityTask" */ = {
			isa = XCConfigurationList;
			buildConfigurations = (
				EDA1E0B9236A613100B81C68 /* Debug */,
				EDA1E0BA236A613100B81C68 /* Release */,
			);
			defaultConfigurationIsVisible = 0;
			defaultConfigurationName = Release;
		};
		EDA1E0BB236A613100B81C68 /* Build configuration list for PBXNativeTarget "MobiquityTask" */ = {
			isa = XCConfigurationList;
			buildConfigurations = (
				EDA1E0BC236A613100B81C68 /* Debug */,
				EDA1E0BD236A613100B81C68 /* Release */,
			);
			defaultConfigurationIsVisible = 0;
			defaultConfigurationName = Release;
		};
		EDA1E0BE236A613100B81C68 /* Build configuration list for PBXNativeTarget "MobiquityTaskTests" */ = {
			isa = XCConfigurationList;
			buildConfigurations = (
				EDA1E0BF236A613100B81C68 /* Debug */,
				EDA1E0C0236A613100B81C68 /* Release */,
			);
			defaultConfigurationIsVisible = 0;
			defaultConfigurationName = Release;
		};
/* End XCConfigurationList section */

/* Begin XCVersionGroup section */
		EDA1E0A5236A612F00B81C68 /* MobiquityTask.xcdatamodeld */ = {
			isa = XCVersionGroup;
			children = (
				EDA1E0A6236A612F00B81C68 /* MobiquityTask.xcdatamodel */,
			);
			currentVersion = EDA1E0A6236A612F00B81C68 /* MobiquityTask.xcdatamodel */;
			path = MobiquityTask.xcdatamodeld;
			sourceTree = "<group>";
			versionGroupType = wrapper.xcdatamodel;
		};
/* End XCVersionGroup section */
	};
	rootObject = EDA1E091236A612F00B81C68 /* Project object */;
}
